
Microsoft Visual Studio Solution File, Format Version 12.00
# Visual Studio Version 17
VisualStudioVersion = 17.1.32421.90
MinimumVisualStudioVersion = 10.0.40219.1
Project("{FAE04EC0-301F-11D3-BF4B-00C04F79EFBC}") = "WindowsFormsApp1", "WindowsFormsApp1\WindowsFormsApp1.csproj", "{03DCD823-6B9E-41F9-A231-20201C85AF01}"
EndProject
Global
	GlobalSection(SolutionConfigurationPlatforms) = preSolution
		Debug|Any CPU = Debug|Any CPU
		Release|Any CPU = Release|Any CPU
	EndGlobalSection
	GlobalSection(ProjectConfigurationPlatforms) = postSolution
		{03DCD823-6B9E-41F9-A231-20201C85AF01}.Debug|Any CPU.ActiveCfg = Debug|Any CPU
		{03DCD823-6B9E-41F9-A231-20201C85AF01}.Debug|Any CPU.Build.0 = Debug|Any CPU
		{03DCD823-6B9E-41F9-A231-20201C85AF01}.Release|Any CPU.ActiveCfg = Release|Any CPU
		{03DCD823-6B9E-41F9-A231-20201C85AF01}.Release|Any CPU.Build.0 = Release|Any CPU
	EndGlobalSection
	GlobalSection(SolutionProperties) = preSolution
		HideSolutionNode = FALSE
	EndGlobalSection
	GlobalSection(ExtensibilityGlobals) = postSolution
		SolutionGuid = {72B859AD-66E6-4E8B-9600-6C9E097DE9A7}
	EndGlobalSection
EndGlobal
